
Microsoft Visual Studio Solution File, Format Version 12.00
# Visual Studio 15
VisualStudioVersion = 15.0.28307.572
MinimumVisualStudioVersion = 10.0.40219.1
Project("{FAE04EC0-301F-11D3-BF4B-00C04F79EFBC}") = "BabylonTSTool_WPF", "BabylonTSProjectTemplateCreationTool_WPF\BabylonTSTool_WPF.csproj", "{8DE25C11-1680-412E-96DC-0636171BC1CE}"
EndProject
Global
	GlobalSection(SolutionConfigurationPlatforms) = preSolution
		Debug|Any CPU = Debug|Any CPU
		Release|Any CPU = Release|Any CPU
	EndGlobalSection
	GlobalSection(ProjectConfigurationPlatforms) = postSolution
		{8DE25C11-1680-412E-96DC-0636171BC1CE}.Debug|Any CPU.ActiveCfg = Debug|Any CPU
		{8DE25C11-1680-412E-96DC-0636171BC1CE}.Debug|Any CPU.Build.0 = Debug|Any CPU
		{8DE25C11-1680-412E-96DC-0636171BC1CE}.Release|Any CPU.ActiveCfg = Release|Any CPU
		{8DE25C11-1680-412E-96DC-0636171BC1CE}.Release|Any CPU.Build.0 = Release|Any CPU
	EndGlobalSection
	GlobalSection(SolutionProperties) = preSolution
		HideSolutionNode = FALSE
	EndGlobalSection
	GlobalSection(ExtensibilityGlobals) = postSolution
		SolutionGuid = {217AD67F-57F0-4F43-9EA7-CD1CA5B16FAD}
	EndGlobalSection
EndGlobal
